
Microsoft Visual Studio Solution File, Format Version 12.00
# Visual Studio Version 17
VisualStudioVersion = 17.0.32126.317
MinimumVisualStudioVersion = 10.0.40219.1
Project("{9A19103F-16F7-4668-BE54-9A1E7A4F7556}") = "Messenger", "Messenger\Messenger.csproj", "{6AABB3B1-A2AD-4F79-B51C-5F2E18DBDC29}"
EndProject
Project("{2150E333-8FDC-42A3-9474-1A3956D46DE8}") = "Solution Items", "Solution Items", "{405A8AD0-788F-4403-ACBD-9142FF6FAE78}"
EndProject
Project("{E53339B2-1760-4266-BCC7-CA923CBCF16C}") = "docker-compose", "docker-compose.dcproj", "{1B2139B1-C13F-4BFA-990B-A749A6D1BA5A}"
EndProject
Global
	GlobalSection(SolutionConfigurationPlatforms) = preSolution
		Debug|Any CPU = Debug|Any CPU
		Release|Any CPU = Release|Any CPU
	EndGlobalSection
	GlobalSection(ProjectConfigurationPlatforms) = postSolution
		{6AABB3B1-A2AD-4F79-B51C-5F2E18DBDC29}.Debug|Any CPU.ActiveCfg = Debug|Any CPU
		{6AABB3B1-A2AD-4F79-B51C-5F2E18DBDC29}.Debug|Any CPU.Build.0 = Debug|Any CPU
		{6AABB3B1-A2AD-4F79-B51C-5F2E18DBDC29}.Release|Any CPU.ActiveCfg = Release|Any CPU
		{6AABB3B1-A2AD-4F79-B51C-5F2E18DBDC29}.Release|Any CPU.Build.0 = Release|Any CPU
		{1B2139B1-C13F-4BFA-990B-A749A6D1BA5A}.Debug|Any CPU.ActiveCfg = Debug|Any CPU
		{1B2139B1-C13F-4BFA-990B-A749A6D1BA5A}.Debug|Any CPU.Build.0 = Debug|Any CPU
		{1B2139B1-C13F-4BFA-990B-A749A6D1BA5A}.Release|Any CPU.ActiveCfg = Release|Any CPU
		{1B2139B1-C13F-4BFA-990B-A749A6D1BA5A}.Release|Any CPU.Build.0 = Release|Any CPU
	EndGlobalSection
	GlobalSection(SolutionProperties) = preSolution
		HideSolutionNode = FALSE
	EndGlobalSection
	GlobalSection(ExtensibilityGlobals) = postSolution
		SolutionGuid = {AB5CFFF1-F2F4-4B5A-80BB-7789B191E05A}
	EndGlobalSection
EndGlobal
